
Microsoft Visual Studio Solution File, Format Version 12.00
# Visual Studio Version 16
VisualStudioVersion = 16.0.29326.143
MinimumVisualStudioVersion = 10.0.40219.1
Project("{FAE04EC0-301F-11D3-BF4B-00C04F79EFBC}") = "WeatherApplication", "WeatherApplication\WeatherApplication.csproj", "{B2F86797-1985-4C07-A7BA-86B9D4085F71}"
EndProject
Project("{FAE04EC0-301F-11D3-BF4B-00C04F79EFBC}") = "WeatherAPI", "WeatherAPI\WeatherAPI.csproj", "{4EA177BC-EFE3-493B-8EFF-1D85DD7D7B87}"
EndProject
Global
	GlobalSection(SolutionConfigurationPlatforms) = preSolution
		Debug|Any CPU = Debug|Any CPU
		Release|Any CPU = Release|Any CPU
	EndGlobalSection
	GlobalSection(ProjectConfigurationPlatforms) = postSolution
		{B2F86797-1985-4C07-A7BA-86B9D4085F71}.Debug|Any CPU.ActiveCfg = Debug|Any CPU
		{B2F86797-1985-4C07-A7BA-86B9D4085F71}.Debug|Any CPU.Build.0 = Debug|Any CPU
		{B2F86797-1985-4C07-A7BA-86B9D4085F71}.Release|Any CPU.ActiveCfg = Release|Any CPU
		{B2F86797-1985-4C07-A7BA-86B9D4085F71}.Release|Any CPU.Build.0 = Release|Any CPU
		{4EA177BC-EFE3-493B-8EFF-1D85DD7D7B87}.Debug|Any CPU.ActiveCfg = Debug|Any CPU
		{4EA177BC-EFE3-493B-8EFF-1D85DD7D7B87}.Debug|Any CPU.Build.0 = Debug|Any CPU
		{4EA177BC-EFE3-493B-8EFF-1D85DD7D7B87}.Release|Any CPU.ActiveCfg = Release|Any CPU
		{4EA177BC-EFE3-493B-8EFF-1D85DD7D7B87}.Release|Any CPU.Build.0 = Release|Any CPU
	EndGlobalSection
	GlobalSection(SolutionProperties) = preSolution
		HideSolutionNode = FALSE
	EndGlobalSection
	GlobalSection(ExtensibilityGlobals) = postSolution
		SolutionGuid = {45701DA2-A2BA-4CC9-8B37-F0C04AEAB65C}
	EndGlobalSection
EndGlobal
